github.com/Azure/azure-sdk-for-go v0.2.0-beta h1:wYBqYNMWr0WL2lcEZi+dlK9n+N0wJ0Pjs4BKeOnDjfQ=
github.com/Azure/azure-sdk-for-go v46.1.0+incompatible h1:e9xxveqrMFRJgj44gychg6jYGfZbwwKhW4wGq9LEG8Q=
github.com/Azure/azure-sdk-for-go v46.1.0+incompatible/go.mod h1:9XXNKU+eRnpl9moKnB4QOLf1HestfXbmab5FXxiDBjc=
github.com/Azure/go-autorest v1.1.1 h1:4G9tVCqooRY3vDTB2bA1Z01PlSALtnUbji0AfzthUSs=
github.com/Azure/go-autorest v14.2.0+incompatible h1:V5VMDjClD3GiElqLWO7mz2MxNAK/vTfRHdAubSIPRgs=
github.com/Azure/go-autorest v14.2.0+incompatible/go.mod h1:r+4oMnoxhatjLLJ6zxSWATqVooLgysK6ZNox3g/xq24=
github.com/Azure/go-autorest/autorest v0.11.6 h1:LIzfhNo9I3+il0KO2JY1/lgJmjig7lY0wFulQNZkbtg=
github.com/Azure/go-autorest/autorest v0.11.6/go.mod h1:V6p3pKZx1KKkJubbxnDWrzNhEIfOy/pTGasLqzHIPHs=
github.com/Azure/go-autorest/autorest/adal v0.9.4 h1:1/DtH4Szusk4psLBrJn/gocMRIf1ji30WAz3GfyULRQ=
github.com/Azure/go-autorest/autorest/adal v0.9.4/go.mod h1:/3SMAM86bP6wC9Ev35peQDUeqFZBMH07vvUOmg4z/fE=
github.com/Azure/go-autorest/autorest/date v0.3.0 h1:7gUk1U5M/CQbp9WoqinNzJar+8KY+LPI6wiWrP/myHw=
github.com/Azure/go-autorest/autorest/date v0.3.0/go.mod h1:BI0uouVdmngYNUzGWeSYnokU+TrmwEsOqdt8Y6sso74=
github.com/Azure/go-autorest/autorest/mocks v0.4.1/go.mod h1:LTp+uSrOhSkaKrUy935gNZuuIPPVsHlr9DSOxSayd+k=
github.com/Azure/go-autorest/autorest/to v0.4.0 h1:oXVqrxakqqV1UZdSazDOPOLvOIz+XA683u8EctwboHk=
github.com/Azure/go-autorest/autorest/to v0.4.0/go.mod h1:fE8iZBn7LQR7zH/9XU2NcPR4o9jEImooCeWJcYV/zLE=
github.com/Azure/go-autorest/logger v0.2.0 h1:e4RVHVZKC5p6UANLJHkM4OfR1UKZPj8Wt8Pcx+3oqrE=
github.com/Azure/go-autorest/logger v0.2.0/go.mod h1:T9E3cAhj2VqvPOtCYAvby9aBXkZmbF5NWuPV8+WeEW8=
github.com/Azure/go-autorest/tracing v0.6.0 h1:TYi4+3m5t6K48TGI9AUdb+IzbnSxvnvUMfuitfgcfuo=
github.com/Azure/go-autorest/tracing v0.6.0/go.mod h1:+vhtPC754Xsa23ID7GlGsrdKBpUA79WCAKPPZVC2DeU=
github.com/cenkalti/backoff v2.1.1+incompatible h1:tKJnvO2kl0zmb/jA5UKAt4VoEVw1qxKWjE/Bpp46npY=
github.com/cenkalti/backoff v2.1.1+incompatible/go.mod h1:90ReRw6GdpyfrHakVjL/QHaoyV4aDUVVkXQJJJ3NXXM=
github.com/davecgh/go-spew v1.1.0/go.mod h1:J7Y8YcW2NihsgmVo/mv3lAwl/skON4iLHjSsI+c5H38=
github.com/davecgh/go-spew v1.1.1/go.mod h1:J7Y8YcW2NihsgmVo/mv3lAwl/skON4iLHjSsI+c5H38=
github.com/dghubble/go-twitter v0.0.0-20200725221434-4bc8ad7ad1b4 h1:I60CX3+rWlBGPXR13jwxxBWB2GhlhZkEEh5o1eDLzJg=
github.com/dghubble/go-twitter v0.0.0-20200725221434-4bc8ad7ad1b4/go.mod h1:xfg4uS5LEzOj8PgZV7SQYRHbG7jPUnelEiaAVJxmhJE=
github.com/dghubble/oauth1 v0.6.0 h1:m1yC01Ohc/eF38jwZ8JUjL1a+XHHXtGQgK+MxQbmSx0=
github.com/dghubble/oauth1 v0.6.0/go.mod h1:8pFdfPkv/jr8mkChVbNVuJ0suiHe278BtWI4Tk1ujxk=
github.com/dghubble/sling v1.3.0 h1:pZHjCJq4zJvc6qVQ5wN1jo5oNZlNE0+8T/h0XeXBUKU=
github.com/dghubble/sling v1.3.0/go.mod h1:XXShWaBWKzNLhu2OxikSNFrlsvowtz4kyRuXUG7oQKY=
github.com/dgrijalva/jwt-go v3.2.0+incompatible h1:7qlOGliEKZXTDg6OTjfoBKDXWrumCAMpl/TFQ4/5kLM=
github.com/dgrijalva/jwt-go v3.2.0+incompatible/go.mod h1:E3ru+11k8xSBh+hMPgOLZmtrrCbhqsmaPHjLKYnJCaQ=
github.com/google/go-querystring v1.0.0 h1:Xkwi/a1rcvNg1PPYe5vI8GbeBY/jrVuDX5ASuANWTrk=
github.com/google/go-querystring v1.0.0/go.mod h1:odCYkC5MyYFN7vkCjXpyrEuKhc/BUO6wN/zVPAxq5ck=
github.com/konsorten/go-windows-terminal-sequences v1.0.3/go.mod h1:T0+1ngSBFLxvqU3pZ+m/2kptfBszLMUkC4ZK/EgS/cQ=
github.com/pmezard/go-difflib v1.0.0/go.mod h1:iKH77koFhYxTK1pcRnkKkqfTogsbg7gZNVY4sRDYZ/4=
github.com/sirupsen/logrus v1.6.0 h1:UBcNElsrwanuuMsnGSlYmtmgbb23qDR5dG+6X6Oo89I=
github.com/sirupsen/logrus v1.6.0/go.mod h1:7uNnSEd1DgxDLC74fIahvMZmmYsHGZGEOFrfsX/uA88=
github.com/stretchr/objx v0.1.0/go.mod h1:HFkY916IF+rwdDfMAkV7OtwuqBVzrE8GR6GFx+wExME=
github.com/stretchr/testify v1.2.2/go.mod h1:a8OnRcib4nhh0OaRAV+Yts87kKdq0PP7pXfy6kDkUVs=
github.com/stretchr/testify v1.3.0/go.mod h1:M5WIy9Dh21IEIfnGCwXGc5bZfKNJtfHm1UVUgZn+9EI=
golang.org/x/crypto v0.0.0-20190308221718-c2843e01d9a2/go.mod h1:djNgcEr1/C05ACkg1iLfiJU5Ep61QUkGW8qpdssI0+w=
golang.org/x/crypto v0.0.0-20200622213623-75b288015ac9 h1:psW17arqaxU48Z5kZ0CQnkZWQJsqcURM6tKiBApRjXI=
golang.org/x/crypto v0.0.0-20200622213623-75b288015ac9/go.mod h1:LzIPMQfyMNhhGPhUkYOs5KpL4U8rLKemX1yGLhDgUto=
golang.org/x/net v0.0.0-20190404232315-eb5bcb51f2a3/go.mod h1:t9HGtf8HONx5eT2rtn7q6eTqICYqUVnKs3thJo3Qplg=
golang.org/x/sys v0.0.0-20190215142949-d0b11bdaac8a/go.mod h1:STP8DvDyc/dI5b8T5hshtkjS+E42TnysNCUPdjciGhY=
golang.org/x/sys v0.0.0-20190412213103-97732733099d/go.mod h1:h1NjWce9XRLGQEsW7wpKNCjG9DtNlClVuFLEZdDNbEs=
golang.org/x/sys v0.0.0-20190422165155-953cdadca894 h1:Cz4ceDQGXuKRnVBDTS23GTn/pU5OE2C0WrNTOYK1Uuc=
golang.org/x/sys v0.0.0-20190422165155-953cdadca894/go.mod h1:h1NjWce9XRLGQEsW7wpKNCjG9DtNlClVuFLEZdDNbEs=
golang.org/x/text v0.3.0/go.mod h1:NqM8EUOU14njkJ3fqMW+pc6Ldnwhi/IjpwHt7yyuwOQ=
